{
  "name": "linejs",
  "version": "1.0.0",
  "lockfileVersion": 1,
  "dependencies": {
    "@types/es6-promise": {
      "version": "0.0.32",
      "resolved": "https://registry.npmjs.org/@types/es6-promise/-/es6-promise-0.0.32.tgz",
      "integrity": "sha1-O89E+x5Cnz33YYjIxth0Rjujcf0=",
      "dev": true
    },
    "@types/node": {
      "version": "https://registry.npmjs.org/@types/node/-/node-7.0.31.tgz",
      "integrity": "sha1-gOpNF1WZsqABScKaEKTrLf9ZLoY=",
      "dev": true
    },
    "es6-promise": {
      "version": "4.1.1",
      "resolved": "https://registry.npmjs.org/es6-promise/-/es6-promise-4.1.1.tgz",
      "integrity": "sha512-OaU1hHjgJf+b0NzsxCg7NdIYERD6Hy/PEmFLTjw+b65scuisG3Kt4QoTvJ66BBkPZ581gr0kpoVzKnxniM8nng==",
      "dev": true
    },
    "typescript": {
      "version": "https://registry.npmjs.org/typescript/-/typescript-2.3.4.tgz",
      "integrity": "sha1-PTgyGCgjHkNPKHUUlZw3qCtin0I=",
      "dev": true
    }
  }
}
